
Microsoft Visual Studio Solution File, Format Version 12.00
# Visual Studio Version 16
VisualStudioVersion = 16.0.30503.244
MinimumVisualStudioVersion = 10.0.40219.1
Project("{FAE04EC0-301F-11D3-BF4B-00C04F79EFBC}") = "Uri1113_CrescenteDecrescente", "Uri1113_CrescenteDecrescente\Uri1113_CrescenteDecrescente.csproj", "{AB21E813-7FCB-463E-B824-7F482B632384}"
EndProject
Global
	GlobalSection(SolutionConfigurationPlatforms) = preSolution
		Debug|Any CPU = Debug|Any CPU
		Release|Any CPU = Release|Any CPU
	EndGlobalSection
	GlobalSection(ProjectConfigurationPlatforms) = postSolution
		{AB21E813-7FCB-463E-B824-7F482B632384}.Debug|Any CPU.ActiveCfg = Debug|Any CPU
		{AB21E813-7FCB-463E-B824-7F482B632384}.Debug|Any CPU.Build.0 = Debug|Any CPU
		{AB21E813-7FCB-463E-B824-7F482B632384}.Release|Any CPU.ActiveCfg = Release|Any CPU
		{AB21E813-7FCB-463E-B824-7F482B632384}.Release|Any CPU.Build.0 = Release|Any CPU
	EndGlobalSection
	GlobalSection(SolutionProperties) = preSolution
		HideSolutionNode = FALSE
	EndGlobalSection
	GlobalSection(ExtensibilityGlobals) = postSolution
		SolutionGuid = {5AD60C43-A97F-4FB7-9378-93DAD78CFA82}
	EndGlobalSection
EndGlobal
