
Microsoft Visual Studio Solution File, Format Version 12.00
# Visual Studio Version 16
VisualStudioVersion = 16.0.30503.244
MinimumVisualStudioVersion = 10.0.40219.1
Project("{FAE04EC0-301F-11D3-BF4B-00C04F79EFBC}") = "Uri1017 Gasto de combustivel", "Uri1017 Gasto de combustivel\Uri1017 Gasto de combustivel.csproj", "{012B9F1F-998B-44E3-9DD3-9260A695C574}"
EndProject
Global
	GlobalSection(SolutionConfigurationPlatforms) = preSolution
		Debug|Any CPU = Debug|Any CPU
		Release|Any CPU = Release|Any CPU
	EndGlobalSection
	GlobalSection(ProjectConfigurationPlatforms) = postSolution
		{012B9F1F-998B-44E3-9DD3-9260A695C574}.Debug|Any CPU.ActiveCfg = Debug|Any CPU
		{012B9F1F-998B-44E3-9DD3-9260A695C574}.Debug|Any CPU.Build.0 = Debug|Any CPU
		{012B9F1F-998B-44E3-9DD3-9260A695C574}.Release|Any CPU.ActiveCfg = Release|Any CPU
		{012B9F1F-998B-44E3-9DD3-9260A695C574}.Release|Any CPU.Build.0 = Release|Any CPU
	EndGlobalSection
	GlobalSection(SolutionProperties) = preSolution
		HideSolutionNode = FALSE
	EndGlobalSection
	GlobalSection(ExtensibilityGlobals) = postSolution
		SolutionGuid = {EBB305E9-4710-4D40-9A1B-1229CE54AF00}
	EndGlobalSection
EndGlobal
