
Microsoft Visual Studio Solution File, Format Version 12.00
# Visual Studio Version 16
VisualStudioVersion = 16.0.30503.244
MinimumVisualStudioVersion = 10.0.40219.1
Project("{FAE04EC0-301F-11D3-BF4B-00C04F79EFBC}") = "Uri1047_TempoDoJogoEmMinutos", "Uri1047_TempoDoJogoEmMinutos\Uri1047_TempoDoJogoEmMinutos.csproj", "{0349A5B4-22F4-4AD8-8901-44F4A73A0646}"
EndProject
Global
	GlobalSection(SolutionConfigurationPlatforms) = preSolution
		Debug|Any CPU = Debug|Any CPU
		Release|Any CPU = Release|Any CPU
	EndGlobalSection
	GlobalSection(ProjectConfigurationPlatforms) = postSolution
		{0349A5B4-22F4-4AD8-8901-44F4A73A0646}.Debug|Any CPU.ActiveCfg = Debug|Any CPU
		{0349A5B4-22F4-4AD8-8901-44F4A73A0646}.Debug|Any CPU.Build.0 = Debug|Any CPU
		{0349A5B4-22F4-4AD8-8901-44F4A73A0646}.Release|Any CPU.ActiveCfg = Release|Any CPU
		{0349A5B4-22F4-4AD8-8901-44F4A73A0646}.Release|Any CPU.Build.0 = Release|Any CPU
	EndGlobalSection
	GlobalSection(SolutionProperties) = preSolution
		HideSolutionNode = FALSE
	EndGlobalSection
	GlobalSection(ExtensibilityGlobals) = postSolution
		SolutionGuid = {4303F3C6-C916-4F8B-A531-AC628010FFD1}
	EndGlobalSection
EndGlobal
