
Microsoft Visual Studio Solution File, Format Version 12.00
# Visual Studio Version 16
VisualStudioVersion = 16.0.30503.244
MinimumVisualStudioVersion = 10.0.40219.1
Project("{FAE04EC0-301F-11D3-BF4B-00C04F79EFBC}") = "Uri1020 Idade em Dias", "Uri1020 Idade em Dias\Uri1020 Idade em Dias.csproj", "{71EC787F-DE50-4BA7-9574-6B503160651E}"
EndProject
Global
	GlobalSection(SolutionConfigurationPlatforms) = preSolution
		Debug|Any CPU = Debug|Any CPU
		Release|Any CPU = Release|Any CPU
	EndGlobalSection
	GlobalSection(ProjectConfigurationPlatforms) = postSolution
		{71EC787F-DE50-4BA7-9574-6B503160651E}.Debug|Any CPU.ActiveCfg = Debug|Any CPU
		{71EC787F-DE50-4BA7-9574-6B503160651E}.Debug|Any CPU.Build.0 = Debug|Any CPU
		{71EC787F-DE50-4BA7-9574-6B503160651E}.Release|Any CPU.ActiveCfg = Release|Any CPU
		{71EC787F-DE50-4BA7-9574-6B503160651E}.Release|Any CPU.Build.0 = Release|Any CPU
	EndGlobalSection
	GlobalSection(SolutionProperties) = preSolution
		HideSolutionNode = FALSE
	EndGlobalSection
	GlobalSection(ExtensibilityGlobals) = postSolution
		SolutionGuid = {F67F06AC-01CC-47CF-805D-B84D84F226C0}
	EndGlobalSection
EndGlobal
