
Microsoft Visual Studio Solution File, Format Version 12.00
# Visual Studio Version 16
VisualStudioVersion = 16.0.30503.244
MinimumVisualStudioVersion = 10.0.40219.1
Project("{FAE04EC0-301F-11D3-BF4B-00C04F79EFBC}") = "Uri1018 Cedulas", "Uri1018 Cedulas\Uri1018 Cedulas.csproj", "{EEAAD362-D4DC-4D0E-AA30-514721DC47F2}"
EndProject
Global
	GlobalSection(SolutionConfigurationPlatforms) = preSolution
		Debug|Any CPU = Debug|Any CPU
		Release|Any CPU = Release|Any CPU
	EndGlobalSection
	GlobalSection(ProjectConfigurationPlatforms) = postSolution
		{EEAAD362-D4DC-4D0E-AA30-514721DC47F2}.Debug|Any CPU.ActiveCfg = Debug|Any CPU
		{EEAAD362-D4DC-4D0E-AA30-514721DC47F2}.Debug|Any CPU.Build.0 = Debug|Any CPU
		{EEAAD362-D4DC-4D0E-AA30-514721DC47F2}.Release|Any CPU.ActiveCfg = Release|Any CPU
		{EEAAD362-D4DC-4D0E-AA30-514721DC47F2}.Release|Any CPU.Build.0 = Release|Any CPU
	EndGlobalSection
	GlobalSection(SolutionProperties) = preSolution
		HideSolutionNode = FALSE
	EndGlobalSection
	GlobalSection(ExtensibilityGlobals) = postSolution
		SolutionGuid = {283172A4-A311-4BCB-87AE-A94D1E2E2E16}
	EndGlobalSection
EndGlobal
