
Microsoft Visual Studio Solution File, Format Version 12.00
# Visual Studio Version 16
VisualStudioVersion = 16.0.30503.244
MinimumVisualStudioVersion = 10.0.40219.1
Project("{FAE04EC0-301F-11D3-BF4B-00C04F79EFBC}") = "Uri1041_SortSimples", "Uri1041_SortSimples\Uri1041_SortSimples.csproj", "{7ADDDD3C-7A98-47C6-B5F5-8D7835EBAB36}"
EndProject
Global
	GlobalSection(SolutionConfigurationPlatforms) = preSolution
		Debug|Any CPU = Debug|Any CPU
		Release|Any CPU = Release|Any CPU
	EndGlobalSection
	GlobalSection(ProjectConfigurationPlatforms) = postSolution
		{7ADDDD3C-7A98-47C6-B5F5-8D7835EBAB36}.Debug|Any CPU.ActiveCfg = Debug|Any CPU
		{7ADDDD3C-7A98-47C6-B5F5-8D7835EBAB36}.Debug|Any CPU.Build.0 = Debug|Any CPU
		{7ADDDD3C-7A98-47C6-B5F5-8D7835EBAB36}.Release|Any CPU.ActiveCfg = Release|Any CPU
		{7ADDDD3C-7A98-47C6-B5F5-8D7835EBAB36}.Release|Any CPU.Build.0 = Release|Any CPU
	EndGlobalSection
	GlobalSection(SolutionProperties) = preSolution
		HideSolutionNode = FALSE
	EndGlobalSection
	GlobalSection(ExtensibilityGlobals) = postSolution
		SolutionGuid = {B0C86470-A485-42FE-B15E-9FB701879859}
	EndGlobalSection
EndGlobal
