
Microsoft Visual Studio Solution File, Format Version 12.00
# Visual Studio Version 16
VisualStudioVersion = 16.0.30503.244
MinimumVisualStudioVersion = 10.0.40219.1
Project("{FAE04EC0-301F-11D3-BF4B-00C04F79EFBC}") = "Uri 1045 Tipos de Triangulo", "Uri 1045 Tipos de Triangulo\Uri 1045 Tipos de Triangulo.csproj", "{898355F5-8B4A-4B60-A497-D92405357255}"
EndProject
Global
	GlobalSection(SolutionConfigurationPlatforms) = preSolution
		Debug|Any CPU = Debug|Any CPU
		Release|Any CPU = Release|Any CPU
	EndGlobalSection
	GlobalSection(ProjectConfigurationPlatforms) = postSolution
		{898355F5-8B4A-4B60-A497-D92405357255}.Debug|Any CPU.ActiveCfg = Debug|Any CPU
		{898355F5-8B4A-4B60-A497-D92405357255}.Debug|Any CPU.Build.0 = Debug|Any CPU
		{898355F5-8B4A-4B60-A497-D92405357255}.Release|Any CPU.ActiveCfg = Release|Any CPU
		{898355F5-8B4A-4B60-A497-D92405357255}.Release|Any CPU.Build.0 = Release|Any CPU
	EndGlobalSection
	GlobalSection(SolutionProperties) = preSolution
		HideSolutionNode = FALSE
	EndGlobalSection
	GlobalSection(ExtensibilityGlobals) = postSolution
		SolutionGuid = {8B471BF5-6306-45EB-8820-ED4C5C6185C4}
	EndGlobalSection
EndGlobal
